// !$*UTF8*$!
{
	archiveVersion = 1;
	classes = {
	};
	objectVersion = 77;
	objects = {

/* Begin PBXBuildFile section */
		001595072A9707B6455F3F08 /* AntigravityStyles.swift in Sources */ = {isa = PBXBuildFile; fileRef = 53DC18350615EF65C1EE17B6 /* AntigravityStyles.swift */; };
		05FE3EFB3EF6C055B7D474E8 /* ProductsListView.swift in Sources */ = {isa = PBXBuildFile; fileRef = 5EC925A4957D69ABDEE77394 /* ProductsListView.swift */; };
		0D3431BF3A0D5D4EB0300720 /* AppTab.swift in Sources */ = {isa = PBXBuildFile; fileRef = 018C55173280DE30AEE1895F /* AppTab.swift */; };
		0EF6541BBC95D909DC318002 /* RecommendationsViewModelTests.swift in Sources */ = {isa = PBXBuildFile; fileRef = 1C313989FAF64B840D0B15F1 /* RecommendationsViewModelTests.swift */; };
		1AEC1F43870CD7CF23EAEE97 /* DashboardViewModel.swift in Sources */ = {isa = PBXBuildFile; fileRef = F09E311A5BD8E06A7B8DBA46 /* DashboardViewModel.swift */; };
		1C608F609BE715E8ABE03395 /* AuthInterceptor.swift in Sources */ = {isa = PBXBuildFile; fileRef = E2044D77B1E0C51F5A045100 /* AuthInterceptor.swift */; };
		1DDAB4DA1F70D175559283B2 /* CoreDataStack.swift in Sources */ = {isa = PBXBuildFile; fileRef = 58C8A23C344B245B8B911BE5 /* CoreDataStack.swift */; };
		1FEC784825B8488F411AF9E0 /* RecommendationsViewModel.swift in Sources */ = {isa = PBXBuildFile; fileRef = 6E259A1017359E477BB7150C /* RecommendationsViewModel.swift */; };
		21955994D76F1FDEDAA6B1F1 /* MotionManager.swift in Sources */ = {isa = PBXBuildFile; fileRef = 26E5BE949234F33C15EFE21F /* MotionManager.swift */; };
		263F4084D922CC00506D1322 /* TagGridSelector.swift in Sources */ = {isa = PBXBuildFile; fileRef = 682F31C6BAA0796434E4CD4B /* TagGridSelector.swift */; };
		2948249A3FB8F033C526DB2C /* CameraPreviewView.swift in Sources */ = {isa = PBXBuildFile; fileRef = 28BB9F0C772710D8CDE88472 /* CameraPreviewView.swift */; };
		2EECD64F6765F11B0A296D15 /* APIResponses.swift in Sources */ = {isa = PBXBuildFile; fileRef = 5E074CAEE0C7A7E0A5FE9BCA /* APIResponses.swift */; };
		308742749EA7D33BCBC00900 /* AppDelegate.swift in Sources */ = {isa = PBXBuildFile; fileRef = D9773EDAC381949EF5FD606A /* AppDelegate.swift */; };
		342DF49836F0E65F6337DA43 /* AuthViewModel.swift in Sources */ = {isa = PBXBuildFile; fileRef = FF6F2629799BDDAAD0CF7D39 /* AuthViewModel.swift */; };
		3689B0121C4C53A163655EFF /* SignupView.swift in Sources */ = {isa = PBXBuildFile; fileRef = 752D76CD1AC4BB52FBC4FAC1 /* SignupView.swift */; };
		3FC563124C77002FBA9CCBB4 /* ProductsViewModel.swift in Sources */ = {isa = PBXBuildFile; fileRef = 4FE8D1A7D2F184ED588BFBBC /* ProductsViewModel.swift */; };
		4B27B16D2A9BE68ADD75589C /* CropCopilotApp.swift in Sources */ = {isa = PBXBuildFile; fileRef = 1ADE3D9D67F44A94A71DAEFF /* CropCopilotApp.swift */; };
		4C1AD74B21C4EC007BCBB098 /* DashboardViewModelTests.swift in Sources */ = {isa = PBXBuildFile; fileRef = 5371024F9FA2EFFA5C41AD6E /* DashboardViewModelTests.swift */; };
		4C7DF5C45F550435C2BD190E /* ProfileViewModel.swift in Sources */ = {isa = PBXBuildFile; fileRef = 3721E9E39DAC726C39F60BF0 /* ProfileViewModel.swift */; };
		4DF9AE986EE9977F0417D971 /* AppRootView.swift in Sources */ = {isa = PBXBuildFile; fileRef = CA982B6365AA7A51F774D779 /* AppRootView.swift */; };
		531DBA6BF3ABBE94259323D0 /* DiagnosisResultView.swift in Sources */ = {isa = PBXBuildFile; fileRef = F697492746F825540EC6B914 /* DiagnosisResultView.swift */; };
		569505F7CCEBFF0DCF34AF04 /* DiagnosisViewModel.swift in Sources */ = {isa = PBXBuildFile; fileRef = 16044216D48729A539C51260 /* DiagnosisViewModel.swift */; };
		5AEA2FFA7EE9FD282675CFFB /* CameraManager.swift in Sources */ = {isa = PBXBuildFile; fileRef = 753D90981F670F4AFC5192AE /* CameraManager.swift */; };
		70CFC9D91CA5E5250B9A780A /* RecommendationsListView.swift in Sources */ = {isa = PBXBuildFile; fileRef = 4712637C2DCA5FBBCC7BCCC9 /* RecommendationsListView.swift */; };
		726DCE86ABE0828BD98A0742 /* AppConstants.swift in Sources */ = {isa = PBXBuildFile; fileRef = A79FBD1E557F0FC6D8D9CC2B /* AppConstants.swift */; };
		73BA0770285306AEFEE9F196 /* LoginView.swift in Sources */ = {isa = PBXBuildFile; fileRef = BADC17F0CE3F677D7A09FBA6 /* LoginView.swift */; };
		74F18231E90FE86DACA1CA2C /* ProfileViewModelTests.swift in Sources */ = {isa = PBXBuildFile; fileRef = EF07E1F050E7414C83E9A6FB /* ProfileViewModelTests.swift */; };
		783191455E37B85C50F52EF3 /* DiagnoseTabView.swift in Sources */ = {isa = PBXBuildFile; fileRef = 49B687D90312131839A0C884 /* DiagnoseTabView.swift */; };
		7D1F9F9DFEAD688A8651B903 /* Product.swift in Sources */ = {isa = PBXBuildFile; fileRef = 1446D1436B73F4005956355C /* Product.swift */; };
		821FA56070E743D46C7EAF08 /* RecommendationDetailView.swift in Sources */ = {isa = PBXBuildFile; fileRef = 34755E90EF66BE051C3D3AF9 /* RecommendationDetailView.swift */; };
		8D2B0B1FDBA90C8564BAA6DB /* Recommendation.swift in Sources */ = {isa = PBXBuildFile; fileRef = 291104266499DCEA3F97A3D0 /* Recommendation.swift */; };
		8FD03C5BDC50921AA9A4996A /* AuthRepository.swift in Sources */ = {isa = PBXBuildFile; fileRef = 3A1D6D93BA867779CE9517DF /* AuthRepository.swift */; };
		931DBA0B41850752FE967C3B /* DashboardView.swift in Sources */ = {isa = PBXBuildFile; fileRef = A6C11A7A9D010A3AEEEE6489 /* DashboardView.swift */; };
		99CD1814F9FDA072BBE84F20 /* CropCopilot.xcdatamodeld in Sources */ = {isa = PBXBuildFile; fileRef = 9CDF6CAAC0CF02267485CADE /* CropCopilot.xcdatamodeld */; };
		9ABAB958117B96D18E67248C /* DiagnosisViewModelTests.swift in Sources */ = {isa = PBXBuildFile; fileRef = DE33C3BCFE982B3F923DFE10 /* DiagnosisViewModelTests.swift */; };
		9B0101C9B41B2768827A2CBF /* Hyper_Realistic_Soybean_Leaf_Animation.mp4 in Resources */ = {isa = PBXBuildFile; fileRef = E52904A40543224D7174097A /* Hyper_Realistic_Soybean_Leaf_Animation.mp4 */; };
		9CA502A3E7776FEF81BD20BE /* Kingfisher in Frameworks */ = {isa = PBXBuildFile; productRef = E659098948833BB97015B549 /* Kingfisher */; };
		A1BFB68A331899334C564C1B /* APIClient.swift in Sources */ = {isa = PBXBuildFile; fileRef = BC087263537FE66649F069F7 /* APIClient.swift */; };
		A43AD623281E8025EF7BDD76 /* PhotoReviewView.swift in Sources */ = {isa = PBXBuildFile; fileRef = 33D643B88E18AE25B855EDA0 /* PhotoReviewView.swift */; };
		AA3F36141941406B420DA335 /* Colors.swift in Sources */ = {isa = PBXBuildFile; fileRef = 53A872178FB8AA112454F9D5 /* Colors.swift */; };
		ACDC2C439161AC5213231AE6 /* AuthViewModelTests.swift in Sources */ = {isa = PBXBuildFile; fileRef = 5792965C1B2E02372DBDD0B1 /* AuthViewModelTests.swift */; };
		AEA6836589311863792C8FEB /* RecommendationCard.swift in Sources */ = {isa = PBXBuildFile; fileRef = 5671FA10D217C346253A082A /* RecommendationCard.swift */; };
		B6AC0488A15570DF052C67FA /* NetworkMonitor.swift in Sources */ = {isa = PBXBuildFile; fileRef = F248AA4F9DD0317F20319E57 /* NetworkMonitor.swift */; };
		B6C47DC88F4B231E8892D715 /* KeychainManagerTests.swift in Sources */ = {isa = PBXBuildFile; fileRef = 1A41BB89D34C86E683EBCB00 /* KeychainManagerTests.swift */; };
		B9F41A64416840BD133ECED8 /* SettingsView.swift in Sources */ = {isa = PBXBuildFile; fileRef = 8AAB51EA009A128345F930D0 /* SettingsView.swift */; };
		BECFF13769A007787E661270 /* KeychainManager.swift in Sources */ = {isa = PBXBuildFile; fileRef = A6483550149E5ABA75D82F9C /* KeychainManager.swift */; };
		BF2C06F7CB0F0F68047A57EE /* CameraManagerTests.swift in Sources */ = {isa = PBXBuildFile; fileRef = 31E4E8C56B5FA8028BCAE315 /* CameraManagerTests.swift */; };
		C185BF7C67B437E91F20F312 /* DiagnosisFormView.swift in Sources */ = {isa = PBXBuildFile; fileRef = D47E36880BD39FA62E738360 /* DiagnosisFormView.swift */; };
		C19565AA13101A14D96C8E01 /* BiometricAuthView.swift in Sources */ = {isa = PBXBuildFile; fileRef = 2F2BC4C7E1B2DF1A07D9B86A /* BiometricAuthView.swift */; };
		C27C227F5EF3621D9ED92923 /* User.swift in Sources */ = {isa = PBXBuildFile; fileRef = C1B9BC33C18CE5080ED41625 /* User.swift */; };
		C63BCC2CA47242EBA3181F6A /* LabReportFormView.swift in Sources */ = {isa = PBXBuildFile; fileRef = C58D601098075325BF58A767 /* LabReportFormView.swift */; };
		CBF1D9F3657A2439328762BD /* Fonts.swift in Sources */ = {isa = PBXBuildFile; fileRef = 80EB98051D053CA3F580C2C2 /* Fonts.swift */; };
		CDB1644B268DD92232397F78 /* CanvasConfidenceArc.swift in Sources */ = {isa = PBXBuildFile; fileRef = 7006FF7BFD2FAD90B8DF17A1 /* CanvasConfidenceArc.swift */; };
		D5B2961D61F17252D2B661E3 /* Input.swift in Sources */ = {isa = PBXBuildFile; fileRef = 5C081E140344A67671AF0811 /* Input.swift */; };
		D7093D72179DFBF5285D40D9 /* LabReportViewModelTests.swift in Sources */ = {isa = PBXBuildFile; fileRef = 0D4AFCCFD2A668659369CE3F /* LabReportViewModelTests.swift */; };
		D88C1CEB921D87A7B78BDD78 /* SecureAsyncImage.swift in Sources */ = {isa = PBXBuildFile; fileRef = 7A989DCFD0CDD5DDB501F30E /* SecureAsyncImage.swift */; };
		D913B50B668F663ACFACAF6E /* UserProfile.swift in Sources */ = {isa = PBXBuildFile; fileRef = C0C69D2C2696F2D730C050E1 /* UserProfile.swift */; };
		E244A1517508BB2DE606ECB8 /* APIEndpoint.swift in Sources */ = {isa = PBXBuildFile; fileRef = 88A9F3585BF1872F92BD3A8F /* APIEndpoint.swift */; };
		E3D6523C9EE6E6AAE0AD5F32 /* Assets.xcassets in Resources */ = {isa = PBXBuildFile; fileRef = 1A9DF51806372361A5FC7919 /* Assets.xcassets */; };
		E537223F3F5BA369920A6C7E /* CropCopilotLogoMark.swift in Sources */ = {isa = PBXBuildFile; fileRef = 5C4F5955C9FF01282CF7CA84 /* CropCopilotLogoMark.swift */; };
		E69DD3D1A41B0E995946A1E6 /* View+Extensions.swift in Sources */ = {isa = PBXBuildFile; fileRef = 2CA5E6B6A02C06DF6F4D25FA /* View+Extensions.swift */; };
		EC8DEC5BBDFFAD4AD7805C37 /* LabReportViewModel.swift in Sources */ = {isa = PBXBuildFile; fileRef = C6CB29576CBC901EA094318B /* LabReportViewModel.swift */; };
		F04F074BCB88460A65556160 /* CameraView.swift in Sources */ = {isa = PBXBuildFile; fileRef = E050E2F2E1D7FDDAC1B0C92A /* CameraView.swift */; };
		F21E14B4C16C1AAE3752B94F /* ProfileView.swift in Sources */ = {isa = PBXBuildFile; fileRef = F4F4B692C13A05A395AD94F6 /* ProfileView.swift */; };
		F484300CC2254AB6A6D1D449 /* APIResponseDecodingTests.swift in Sources */ = {isa = PBXBuildFile; fileRef = 44632BD7381F4DBC21CFD56D /* APIResponseDecodingTests.swift */; };
		F51ADB64D864379DDA6FE3BF /* Supabase in Frameworks */ = {isa = PBXBuildFile; productRef = C9AAD335F59F4E00EAE7AEE1 /* Supabase */; };
		FC854AACB6CD46172A12EE3B /* NetworkError.swift in Sources */ = {isa = PBXBuildFile; fileRef = 056C5A2A1C00A929FE29ACB9 /* NetworkError.swift */; };
/* End PBXBuildFile section */

/* Begin PBXContainerItemProxy section */
		FFC86133AB77F710C95C6E29 /* PBXContainerItemProxy */ = {
			isa = PBXContainerItemProxy;
			containerPortal = 521BCFDF71F69083EE4BCACE /* Project object */;
			proxyType = 1;
			remoteGlobalIDString = 5CE07C3DEF17CD1DDA24FBF6;
			remoteInfo = CropCopilot;
		};
/* End PBXContainerItemProxy section */

/* Begin PBXFileReference section */
		018C55173280DE30AEE1895F /* AppTab.swift */ = {isa = PBXFileReference; lastKnownFileType = sourcecode.swift; path = AppTab.swift; sourceTree = "<group>"; };
		056C5A2A1C00A929FE29ACB9 /* NetworkError.swift */ = {isa = PBXFileReference; lastKnownFileType = sourcecode.swift; path = NetworkError.swift; sourceTree = "<group>"; };
		0D4AFCCFD2A668659369CE3F /* LabReportViewModelTests.swift */ = {isa = PBXFileReference; lastKnownFileType = sourcecode.swift; path = LabReportViewModelTests.swift; sourceTree = "<group>"; };
		1446D1436B73F4005956355C /* Product.swift */ = {isa = PBXFileReference; lastKnownFileType = sourcecode.swift; path = Product.swift; sourceTree = "<group>"; };
		16044216D48729A539C51260 /* DiagnosisViewModel.swift */ = {isa = PBXFileReference; lastKnownFileType = sourcecode.swift; path = DiagnosisViewModel.swift; sourceTree = "<group>"; };
		1A41BB89D34C86E683EBCB00 /* KeychainManagerTests.swift */ = {isa = PBXFileReference; lastKnownFileType = sourcecode.swift; path = KeychainManagerTests.swift; sourceTree = "<group>"; };
		1A9DF51806372361A5FC7919 /* Assets.xcassets */ = {isa = PBXFileReference; lastKnownFileType = folder.assetcatalog; path = Assets.xcassets; sourceTree = "<group>"; };
		1ADE3D9D67F44A94A71DAEFF /* CropCopilotApp.swift */ = {isa = PBXFileReference; lastKnownFileType = sourcecode.swift; path = CropCopilotApp.swift; sourceTree = "<group>"; };
		1C313989FAF64B840D0B15F1 /* RecommendationsViewModelTests.swift */ = {isa = PBXFileReference; lastKnownFileType = sourcecode.swift; path = RecommendationsViewModelTests.swift; sourceTree = "<group>"; };
		26E5BE949234F33C15EFE21F /* MotionManager.swift */ = {isa = PBXFileReference; lastKnownFileType = sourcecode.swift; path = MotionManager.swift; sourceTree = "<group>"; };
		28BB9F0C772710D8CDE88472 /* CameraPreviewView.swift */ = {isa = PBXFileReference; lastKnownFileType = sourcecode.swift; path = CameraPreviewView.swift; sourceTree = "<group>"; };
		291104266499DCEA3F97A3D0 /* Recommendation.swift */ = {isa = PBXFileReference; lastKnownFileType = sourcecode.swift; path = Recommendation.swift; sourceTree = "<group>"; };
		2CA5E6B6A02C06DF6F4D25FA /* View+Extensions.swift */ = {isa = PBXFileReference; lastKnownFileType = sourcecode.swift; path = "View+Extensions.swift"; sourceTree = "<group>"; };
		2F2BC4C7E1B2DF1A07D9B86A /* BiometricAuthView.swift */ = {isa = PBXFileReference; lastKnownFileType = sourcecode.swift; path = BiometricAuthView.swift; sourceTree = "<group>"; };
		31E4E8C56B5FA8028BCAE315 /* CameraManagerTests.swift */ = {isa = PBXFileReference; lastKnownFileType = sourcecode.swift; path = CameraManagerTests.swift; sourceTree = "<group>"; };
		33D643B88E18AE25B855EDA0 /* PhotoReviewView.swift */ = {isa = PBXFileReference; lastKnownFileType = sourcecode.swift; path = PhotoReviewView.swift; sourceTree = "<group>"; };
		34755E90EF66BE051C3D3AF9 /* RecommendationDetailView.swift */ = {isa = PBXFileReference; lastKnownFileType = sourcecode.swift; path = RecommendationDetailView.swift; sourceTree = "<group>"; };
		3721E9E39DAC726C39F60BF0 /* ProfileViewModel.swift */ = {isa = PBXFileReference; lastKnownFileType = sourcecode.swift; path = ProfileViewModel.swift; sourceTree = "<group>"; };
		3A1D6D93BA867779CE9517DF /* AuthRepository.swift */ = {isa = PBXFileReference; lastKnownFileType = sourcecode.swift; path = AuthRepository.swift; sourceTree = "<group>"; };
		3AFDBB330FF19435203F16A9 /* CropCopilotTests.xctest */ = {isa = PBXFileReference; includeInIndex = 0; lastKnownFileType = wrapper.cfbundle; path = CropCopilotTests.xctest; sourceTree = BUILT_PRODUCTS_DIR; };
		44632BD7381F4DBC21CFD56D /* APIResponseDecodingTests.swift */ = {isa = PBXFileReference; lastKnownFileType = sourcecode.swift; path = APIResponseDecodingTests.swift; sourceTree = "<group>"; };
		4712637C2DCA5FBBCC7BCCC9 /* RecommendationsListView.swift */ = {isa = PBXFileReference; lastKnownFileType = sourcecode.swift; path = RecommendationsListView.swift; sourceTree = "<group>"; };
		49B687D90312131839A0C884 /* DiagnoseTabView.swift */ = {isa = PBXFileReference; lastKnownFileType = sourcecode.swift; path = DiagnoseTabView.swift; sourceTree = "<group>"; };
		4FE8D1A7D2F184ED588BFBBC /* ProductsViewModel.swift */ = {isa = PBXFileReference; lastKnownFileType = sourcecode.swift; path = ProductsViewModel.swift; sourceTree = "<group>"; };
		5371024F9FA2EFFA5C41AD6E /* DashboardViewModelTests.swift */ = {isa = PBXFileReference; lastKnownFileType = sourcecode.swift; path = DashboardViewModelTests.swift; sourceTree = "<group>"; };
		53A872178FB8AA112454F9D5 /* Colors.swift */ = {isa = PBXFileReference; lastKnownFileType = sourcecode.swift; path = Colors.swift; sourceTree = "<group>"; };
		53DC18350615EF65C1EE17B6 /* AntigravityStyles.swift */ = {isa = PBXFileReference; lastKnownFileType = sourcecode.swift; path = AntigravityStyles.swift; sourceTree = "<group>"; };
		5671FA10D217C346253A082A /* RecommendationCard.swift */ = {isa = PBXFileReference; lastKnownFileType = sourcecode.swift; path = RecommendationCard.swift; sourceTree = "<group>"; };
		5792965C1B2E02372DBDD0B1 /* AuthViewModelTests.swift */ = {isa = PBXFileReference; lastKnownFileType = sourcecode.swift; path = AuthViewModelTests.swift; sourceTree = "<group>"; };
		58C8A23C344B245B8B911BE5 /* CoreDataStack.swift */ = {isa = PBXFileReference; lastKnownFileType = sourcecode.swift; path = CoreDataStack.swift; sourceTree = "<group>"; };
		5C081E140344A67671AF0811 /* Input.swift */ = {isa = PBXFileReference; lastKnownFileType = sourcecode.swift; path = Input.swift; sourceTree = "<group>"; };
		5C4F5955C9FF01282CF7CA84 /* CropCopilotLogoMark.swift */ = {isa = PBXFileReference; lastKnownFileType = sourcecode.swift; path = CropCopilotLogoMark.swift; sourceTree = "<group>"; };
		5D6C130D1707923522FD453D /* CropCopilot.app */ = {isa = PBXFileReference; includeInIndex = 0; lastKnownFileType = wrapper.application; path = CropCopilot.app; sourceTree = BUILT_PRODUCTS_DIR; };
		5E074CAEE0C7A7E0A5FE9BCA /* APIResponses.swift */ = {isa = PBXFileReference; lastKnownFileType = sourcecode.swift; path = APIResponses.swift; sourceTree = "<group>"; };
		5EC925A4957D69ABDEE77394 /* ProductsListView.swift */ = {isa = PBXFileReference; lastKnownFileType = sourcecode.swift; path = ProductsListView.swift; sourceTree = "<group>"; };
		682F31C6BAA0796434E4CD4B /* TagGridSelector.swift */ = {isa = PBXFileReference; lastKnownFileType = sourcecode.swift; path = TagGridSelector.swift; sourceTree = "<group>"; };
		6E259A1017359E477BB7150C /* RecommendationsViewModel.swift */ = {isa = PBXFileReference; lastKnownFileType = sourcecode.swift; path = RecommendationsViewModel.swift; sourceTree = "<group>"; };
		7006FF7BFD2FAD90B8DF17A1 /* CanvasConfidenceArc.swift */ = {isa = PBXFileReference; lastKnownFileType = sourcecode.swift; path = CanvasConfidenceArc.swift; sourceTree = "<group>"; };
		752D76CD1AC4BB52FBC4FAC1 /* SignupView.swift */ = {isa = PBXFileReference; lastKnownFileType = sourcecode.swift; path = SignupView.swift; sourceTree = "<group>"; };
		753D90981F670F4AFC5192AE /* CameraManager.swift */ = {isa = PBXFileReference; lastKnownFileType = sourcecode.swift; path = CameraManager.swift; sourceTree = "<group>"; };
		7A989DCFD0CDD5DDB501F30E /* SecureAsyncImage.swift */ = {isa = PBXFileReference; lastKnownFileType = sourcecode.swift; path = SecureAsyncImage.swift; sourceTree = "<group>"; };
		80EB98051D053CA3F580C2C2 /* Fonts.swift */ = {isa = PBXFileReference; lastKnownFileType = sourcecode.swift; path = Fonts.swift; sourceTree = "<group>"; };
		88A9F3585BF1872F92BD3A8F /* APIEndpoint.swift */ = {isa = PBXFileReference; lastKnownFileType = sourcecode.swift; path = APIEndpoint.swift; sourceTree = "<group>"; };
		8AAB51EA009A128345F930D0 /* SettingsView.swift */ = {isa = PBXFileReference; lastKnownFileType = sourcecode.swift; path = SettingsView.swift; sourceTree = "<group>"; };
		A2E69AEA3D3720CE6431A125 /* Secrets.xcconfig */ = {isa = PBXFileReference; lastKnownFileType = text.xcconfig; path = Secrets.xcconfig; sourceTree = "<group>"; };
		A6483550149E5ABA75D82F9C /* KeychainManager.swift */ = {isa = PBXFileReference; lastKnownFileType = sourcecode.swift; path = KeychainManager.swift; sourceTree = "<group>"; };
		A6C11A7A9D010A3AEEEE6489 /* DashboardView.swift */ = {isa = PBXFileReference; lastKnownFileType = sourcecode.swift; path = DashboardView.swift; sourceTree = "<group>"; };
		A79FBD1E557F0FC6D8D9CC2B /* AppConstants.swift */ = {isa = PBXFileReference; lastKnownFileType = sourcecode.swift; path = AppConstants.swift; sourceTree = "<group>"; };
		BADC17F0CE3F677D7A09FBA6 /* LoginView.swift */ = {isa = PBXFileReference; lastKnownFileType = sourcecode.swift; path = LoginView.swift; sourceTree = "<group>"; };
		BC087263537FE66649F069F7 /* APIClient.swift */ = {isa = PBXFileReference; lastKnownFileType = sourcecode.swift; path = APIClient.swift; sourceTree = "<group>"; };
		C0C69D2C2696F2D730C050E1 /* UserProfile.swift */ = {isa = PBXFileReference; lastKnownFileType = sourcecode.swift; path = UserProfile.swift; sourceTree = "<group>"; };
		C1B9BC33C18CE5080ED41625 /* User.swift */ = {isa = PBXFileReference; lastKnownFileType = sourcecode.swift; path = User.swift; sourceTree = "<group>"; };
		C58D601098075325BF58A767 /* LabReportFormView.swift */ = {isa = PBXFileReference; lastKnownFileType = sourcecode.swift; path = LabReportFormView.swift; sourceTree = "<group>"; };
		C6CB29576CBC901EA094318B /* LabReportViewModel.swift */ = {isa = PBXFileReference; lastKnownFileType = sourcecode.swift; path = LabReportViewModel.swift; sourceTree = "<group>"; };
		CA982B6365AA7A51F774D779 /* AppRootView.swift */ = {isa = PBXFileReference; lastKnownFileType = sourcecode.swift; path = AppRootView.swift; sourceTree = "<group>"; };
		CB928C2FA867CBAF320DEC4F /* Info.plist */ = {isa = PBXFileReference; lastKnownFileType = text.plist; path = Info.plist; sourceTree = "<group>"; };
		D2A4B744552690EFEA19BFDE /* CropCopilot.xcdatamodel */ = {isa = PBXFileReference; lastKnownFileType = wrapper.xcdatamodel; path = CropCopilot.xcdatamodel; sourceTree = "<group>"; };
		D47E36880BD39FA62E738360 /* DiagnosisFormView.swift */ = {isa = PBXFileReference; lastKnownFileType = sourcecode.swift; path = DiagnosisFormView.swift; sourceTree = "<group>"; };
		D9773EDAC381949EF5FD606A /* AppDelegate.swift */ = {isa = PBXFileReference; lastKnownFileType = sourcecode.swift; path = AppDelegate.swift; sourceTree = "<group>"; };
		DE33C3BCFE982B3F923DFE10 /* DiagnosisViewModelTests.swift */ = {isa = PBXFileReference; lastKnownFileType = sourcecode.swift; path = DiagnosisViewModelTests.swift; sourceTree = "<group>"; };
		E050E2F2E1D7FDDAC1B0C92A /* CameraView.swift */ = {isa = PBXFileReference; lastKnownFileType = sourcecode.swift; path = CameraView.swift; sourceTree = "<group>"; };
		E2044D77B1E0C51F5A045100 /* AuthInterceptor.swift */ = {isa = PBXFileReference; lastKnownFileType = sourcecode.swift; path = AuthInterceptor.swift; sourceTree = "<group>"; };
		E52904A40543224D7174097A /* Hyper_Realistic_Soybean_Leaf_Animation.mp4 */ = {isa = PBXFileReference; path = Hyper_Realistic_Soybean_Leaf_Animation.mp4; sourceTree = "<group>"; };
		EF07E1F050E7414C83E9A6FB /* ProfileViewModelTests.swift */ = {isa = PBXFileReference; lastKnownFileType = sourcecode.swift; path = ProfileViewModelTests.swift; sourceTree = "<group>"; };
		F09E311A5BD8E06A7B8DBA46 /* DashboardViewModel.swift */ = {isa = PBXFileReference; lastKnownFileType = sourcecode.swift; path = DashboardViewModel.swift; sourceTree = "<group>"; };
		F248AA4F9DD0317F20319E57 /* NetworkMonitor.swift */ = {isa = PBXFileReference; lastKnownFileType = sourcecode.swift; path = NetworkMonitor.swift; sourceTree = "<group>"; };
		F4F4B692C13A05A395AD94F6 /* ProfileView.swift */ = {isa = PBXFileReference; lastKnownFileType = sourcecode.swift; path = ProfileView.swift; sourceTree = "<group>"; };
		F697492746F825540EC6B914 /* DiagnosisResultView.swift */ = {isa = PBXFileReference; lastKnownFileType = sourcecode.swift; path = DiagnosisResultView.swift; sourceTree = "<group>"; };
		FF6F2629799BDDAAD0CF7D39 /* AuthViewModel.swift */ = {isa = PBXFileReference; lastKnownFileType = sourcecode.swift; path = AuthViewModel.swift; sourceTree = "<group>"; };
/* End PBXFileReference section */

/* Begin PBXFrameworksBuildPhase section */
		FA4C07F14ADC17734AF0CD29 /* Frameworks */ = {
			isa = PBXFrameworksBuildPhase;
			buildActionMask = 2147483647;
			files = (
				F51ADB64D864379DDA6FE3BF /* Supabase in Frameworks */,
				9CA502A3E7776FEF81BD20BE /* Kingfisher in Frameworks */,
			);
			runOnlyForDeploymentPostprocessing = 0;
		};
/* End PBXFrameworksBuildPhase section */

/* Begin PBXGroup section */
		05B89333941398A906403FC9 /* Resources */ = {
			isa = PBXGroup;
			children = (
				E52904A40543224D7174097A /* Hyper_Realistic_Soybean_Leaf_Animation.mp4 */,
			);
			path = Resources;
			sourceTree = "<group>";
		};
		0E6A291F0961D66495AA7FEA /* Models */ = {
			isa = PBXGroup;
			children = (
				5E074CAEE0C7A7E0A5FE9BCA /* APIResponses.swift */,
				5C081E140344A67671AF0811 /* Input.swift */,
				1446D1436B73F4005956355C /* Product.swift */,
				291104266499DCEA3F97A3D0 /* Recommendation.swift */,
				C1B9BC33C18CE5080ED41625 /* User.swift */,
				C0C69D2C2696F2D730C050E1 /* UserProfile.swift */,
			);
			path = Models;
			sourceTree = "<group>";
		};
		102BC0DCBA7BBC7ACBAFACCD /* Core */ = {
			isa = PBXGroup;
			children = (
				9C6D8019064AA6BDFBF2B4DB /* Camera */,
				F3D33A293F773D7C0F3ECE5D /* Motion */,
				6A7589F48EB73FE93D572CAA /* Network */,
				52C172B18CF06BEDB816987C /* Storage */,
			);
			path = Core;
			sourceTree = "<group>";
		};
		20E5E033BB2AC1FCCBA83741 /* CropCopilotTests */ = {
			isa = PBXGroup;
			children = (
				44632BD7381F4DBC21CFD56D /* APIResponseDecodingTests.swift */,
				5792965C1B2E02372DBDD0B1 /* AuthViewModelTests.swift */,
				31E4E8C56B5FA8028BCAE315 /* CameraManagerTests.swift */,
				5371024F9FA2EFFA5C41AD6E /* DashboardViewModelTests.swift */,
				DE33C3BCFE982B3F923DFE10 /* DiagnosisViewModelTests.swift */,
				1A41BB89D34C86E683EBCB00 /* KeychainManagerTests.swift */,
				0D4AFCCFD2A668659369CE3F /* LabReportViewModelTests.swift */,
				EF07E1F050E7414C83E9A6FB /* ProfileViewModelTests.swift */,
				1C313989FAF64B840D0B15F1 /* RecommendationsViewModelTests.swift */,
			);
			path = CropCopilotTests;
			sourceTree = "<group>";
		};
		28885355C6E6F922FCAC5E4B /* ViewModels */ = {
			isa = PBXGroup;
			children = (
				FF6F2629799BDDAAD0CF7D39 /* AuthViewModel.swift */,
			);
			path = ViewModels;
			sourceTree = "<group>";
		};
		40FD80032955A33A59947ACE /* Views */ = {
			isa = PBXGroup;
			children = (
				2F2BC4C7E1B2DF1A07D9B86A /* BiometricAuthView.swift */,
				BADC17F0CE3F677D7A09FBA6 /* LoginView.swift */,
				752D76CD1AC4BB52FBC4FAC1 /* SignupView.swift */,
			);
			path = Views;
			sourceTree = "<group>";
		};
		4D68B152E9FF5DCFA47D425E /* Diagnose */ = {
			isa = PBXGroup;
			children = (
				FC84A41B13747A9F62F8ACFC /* ViewModels */,
				DDD4B1B893F8C8750F1C0CE8 /* Views */,
			);
			path = Diagnose;
			sourceTree = "<group>";
		};
		52C172B18CF06BEDB816987C /* Storage */ = {
			isa = PBXGroup;
			children = (
				58C8A23C344B245B8B911BE5 /* CoreDataStack.swift */,
				9CDF6CAAC0CF02267485CADE /* CropCopilot.xcdatamodeld */,
				A6483550149E5ABA75D82F9C /* KeychainManager.swift */,
			);
			path = Storage;
			sourceTree = "<group>";
		};
		5879755797D05E56FAAF2A43 /* ViewModels */ = {
			isa = PBXGroup;
			children = (
				F09E311A5BD8E06A7B8DBA46 /* DashboardViewModel.swift */,
			);
			path = ViewModels;
			sourceTree = "<group>";
		};
		684E6083DF4918E069CA8796 /* Views */ = {
			isa = PBXGroup;
			children = (
				5EC925A4957D69ABDEE77394 /* ProductsListView.swift */,
			);
			path = Views;
			sourceTree = "<group>";
		};
		6A7589F48EB73FE93D572CAA /* Network */ = {
			isa = PBXGroup;
			children = (
				BC087263537FE66649F069F7 /* APIClient.swift */,
				88A9F3585BF1872F92BD3A8F /* APIEndpoint.swift */,
				E2044D77B1E0C51F5A045100 /* AuthInterceptor.swift */,
				056C5A2A1C00A929FE29ACB9 /* NetworkError.swift */,
				F248AA4F9DD0317F20319E57 /* NetworkMonitor.swift */,
			);
			path = Network;
			sourceTree = "<group>";
		};
		7238DBFB414545C88847DD55 /* ViewModels */ = {
			isa = PBXGroup;
			children = (
				4FE8D1A7D2F184ED588BFBBC /* ProductsViewModel.swift */,
			);
			path = ViewModels;
			sourceTree = "<group>";
		};
		7276BD3AE5C2E5CF6E4A603E /* Config */ = {
			isa = PBXGroup;
			children = (
				A2E69AEA3D3720CE6431A125 /* Secrets.xcconfig */,
			);
			path = Config;
			sourceTree = "<group>";
		};
		74CCD318680CE10EA4D28948 /* Settings */ = {
			isa = PBXGroup;
			children = (
				E1B76FF15696EB1DE1057275 /* Components */,
				E72C4F5238C9706522936245 /* ViewModels */,
				A0974BC02B3B53F867FBBE1B /* Views */,
			);
			path = Settings;
			sourceTree = "<group>";
		};
		76F066B071BC636AEB5D30A2 /* Extensions */ = {
			isa = PBXGroup;
			children = (
				2CA5E6B6A02C06DF6F4D25FA /* View+Extensions.swift */,
			);
			path = Extensions;
			sourceTree = "<group>";
		};
		8E26EF25E3746E91E5392286 /* Theme */ = {
			isa = PBXGroup;
			children = (
				53DC18350615EF65C1EE17B6 /* AntigravityStyles.swift */,
				53A872178FB8AA112454F9D5 /* Colors.swift */,
				80EB98051D053CA3F580C2C2 /* Fonts.swift */,
			);
			path = Theme;
			sourceTree = "<group>";
		};
		8FD53C250BBB1D5ABC40860E /* CropCopilot */ = {
			isa = PBXGroup;
			children = (
				1A9DF51806372361A5FC7919 /* Assets.xcassets */,
				CB928C2FA867CBAF320DEC4F /* Info.plist */,
				93D52795CC9F751427CD13AF /* App */,
				102BC0DCBA7BBC7ACBAFACCD /* Core */,
				D4B9F2DDEE11CC10CF667CC0 /* Features */,
				0E6A291F0961D66495AA7FEA /* Models */,
				05B89333941398A906403FC9 /* Resources */,
				E32BA9D82A9E601CA32C776E /* Shared */,
			);
			path = CropCopilot;
			sourceTree = "<group>";
		};
		93D52795CC9F751427CD13AF /* App */ = {
			isa = PBXGroup;
			children = (
				D9773EDAC381949EF5FD606A /* AppDelegate.swift */,
				CA982B6365AA7A51F774D779 /* AppRootView.swift */,
				018C55173280DE30AEE1895F /* AppTab.swift */,
				1ADE3D9D67F44A94A71DAEFF /* CropCopilotApp.swift */,
			);
			path = App;
			sourceTree = "<group>";
		};
		9C6D8019064AA6BDFBF2B4DB /* Camera */ = {
			isa = PBXGroup;
			children = (
				753D90981F670F4AFC5192AE /* CameraManager.swift */,
				28BB9F0C772710D8CDE88472 /* CameraPreviewView.swift */,
			);
			path = Camera;
			sourceTree = "<group>";
		};
		9D19F5F68D20721719B71D17 /* Auth */ = {
			isa = PBXGroup;
			children = (
				9D1BBA21A5133B986C5AE095 /* Repositories */,
				28885355C6E6F922FCAC5E4B /* ViewModels */,
				40FD80032955A33A59947ACE /* Views */,
			);
			path = Auth;
			sourceTree = "<group>";
		};
		9D1BBA21A5133B986C5AE095 /* Repositories */ = {
			isa = PBXGroup;
			children = (
				3A1D6D93BA867779CE9517DF /* AuthRepository.swift */,
			);
			path = Repositories;
			sourceTree = "<group>";
		};
		A0974BC02B3B53F867FBBE1B /* Views */ = {
			isa = PBXGroup;
			children = (
				F4F4B692C13A05A395AD94F6 /* ProfileView.swift */,
				8AAB51EA009A128345F930D0 /* SettingsView.swift */,
			);
			path = Views;
			sourceTree = "<group>";
		};
		A21B87916FD1D3CCCAD063D8 /* ViewModels */ = {
			isa = PBXGroup;
			children = (
				6E259A1017359E477BB7150C /* RecommendationsViewModel.swift */,
			);
			path = ViewModels;
			sourceTree = "<group>";
		};
		A423E78AAFB70C16A70903F7 /* Views */ = {
			isa = PBXGroup;
			children = (
				A6C11A7A9D010A3AEEEE6489 /* DashboardView.swift */,
			);
			path = Views;
			sourceTree = "<group>";
		};
		B0DEC4B68A55855FE80BC2F9 /* Products */ = {
			isa = PBXGroup;
			children = (
				5D6C130D1707923522FD453D /* CropCopilot.app */,
				3AFDBB330FF19435203F16A9 /* CropCopilotTests.xctest */,
			);
			name = Products;
			sourceTree = "<group>";
		};
		B585748CA698656C7421FFF0 /* Constants */ = {
			isa = PBXGroup;
			children = (
				A79FBD1E557F0FC6D8D9CC2B /* AppConstants.swift */,
			);
			path = Constants;
			sourceTree = "<group>";
		};
		B7665C69185C815045EB076B /* Components */ = {
			isa = PBXGroup;
			children = (
				5C4F5955C9FF01282CF7CA84 /* CropCopilotLogoMark.swift */,
				7A989DCFD0CDD5DDB501F30E /* SecureAsyncImage.swift */,
			);
			path = Components;
			sourceTree = "<group>";
		};
		C87D05FE4C374B368388ED58 /* Views */ = {
			isa = PBXGroup;
			children = (
				34755E90EF66BE051C3D3AF9 /* RecommendationDetailView.swift */,
				4712637C2DCA5FBBCC7BCCC9 /* RecommendationsListView.swift */,
			);
			path = Views;
			sourceTree = "<group>";
		};
		CA13E1A31CADCD9B40526A8D = {
			isa = PBXGroup;
			children = (
				7276BD3AE5C2E5CF6E4A603E /* Config */,
				8FD53C250BBB1D5ABC40860E /* CropCopilot */,
				20E5E033BB2AC1FCCBA83741 /* CropCopilotTests */,
				B0DEC4B68A55855FE80BC2F9 /* Products */,
			);
			sourceTree = "<group>";
		};
		D4B9F2DDEE11CC10CF667CC0 /* Features */ = {
			isa = PBXGroup;
			children = (
				9D19F5F68D20721719B71D17 /* Auth */,
				E1260B3FBBDE7335570D5175 /* Dashboard */,
				4D68B152E9FF5DCFA47D425E /* Diagnose */,
				F9246BA6EA71104076639946 /* Products */,
				F17AB0C3B3BA72A95D5F8F9B /* Recommendations */,
				74CCD318680CE10EA4D28948 /* Settings */,
			);
			path = Features;
			sourceTree = "<group>";
		};
		DDD4B1B893F8C8750F1C0CE8 /* Views */ = {
			isa = PBXGroup;
			children = (
				E050E2F2E1D7FDDAC1B0C92A /* CameraView.swift */,
				49B687D90312131839A0C884 /* DiagnoseTabView.swift */,
				D47E36880BD39FA62E738360 /* DiagnosisFormView.swift */,
				F697492746F825540EC6B914 /* DiagnosisResultView.swift */,
				C58D601098075325BF58A767 /* LabReportFormView.swift */,
				33D643B88E18AE25B855EDA0 /* PhotoReviewView.swift */,
			);
			path = Views;
			sourceTree = "<group>";
		};
		E1260B3FBBDE7335570D5175 /* Dashboard */ = {
			isa = PBXGroup;
			children = (
				5879755797D05E56FAAF2A43 /* ViewModels */,
				A423E78AAFB70C16A70903F7 /* Views */,
			);
			path = Dashboard;
			sourceTree = "<group>";
		};
		E1B76FF15696EB1DE1057275 /* Components */ = {
			isa = PBXGroup;
			children = (
				682F31C6BAA0796434E4CD4B /* TagGridSelector.swift */,
			);
			path = Components;
			sourceTree = "<group>";
		};
		E32BA9D82A9E601CA32C776E /* Shared */ = {
			isa = PBXGroup;
			children = (
				B7665C69185C815045EB076B /* Components */,
				B585748CA698656C7421FFF0 /* Constants */,
				76F066B071BC636AEB5D30A2 /* Extensions */,
				8E26EF25E3746E91E5392286 /* Theme */,
			);
			path = Shared;
			sourceTree = "<group>";
		};
		E72C4F5238C9706522936245 /* ViewModels */ = {
			isa = PBXGroup;
			children = (
				3721E9E39DAC726C39F60BF0 /* ProfileViewModel.swift */,
			);
			path = ViewModels;
			sourceTree = "<group>";
		};
		EC03FB8B023152FE12E870BE /* Components */ = {
			isa = PBXGroup;
			children = (
				7006FF7BFD2FAD90B8DF17A1 /* CanvasConfidenceArc.swift */,
				5671FA10D217C346253A082A /* RecommendationCard.swift */,
			);
			path = Components;
			sourceTree = "<group>";
		};
		F17AB0C3B3BA72A95D5F8F9B /* Recommendations */ = {
			isa = PBXGroup;
			children = (
				EC03FB8B023152FE12E870BE /* Components */,
				A21B87916FD1D3CCCAD063D8 /* ViewModels */,
				C87D05FE4C374B368388ED58 /* Views */,
			);
			path = Recommendations;
			sourceTree = "<group>";
		};
		F3D33A293F773D7C0F3ECE5D /* Motion */ = {
			isa = PBXGroup;
			children = (
				26E5BE949234F33C15EFE21F /* MotionManager.swift */,
			);
			path = Motion;
			sourceTree = "<group>";
		};
		F9246BA6EA71104076639946 /* Products */ = {
			isa = PBXGroup;
			children = (
				7238DBFB414545C88847DD55 /* ViewModels */,
				684E6083DF4918E069CA8796 /* Views */,
			);
			path = Products;
			sourceTree = "<group>";
		};
		FC84A41B13747A9F62F8ACFC /* ViewModels */ = {
			isa = PBXGroup;
			children = (
				16044216D48729A539C51260 /* DiagnosisViewModel.swift */,
				C6CB29576CBC901EA094318B /* LabReportViewModel.swift */,
			);
			path = ViewModels;
			sourceTree = "<group>";
		};
/* End PBXGroup section */

/* Begin PBXNativeTarget section */
		5CE07C3DEF17CD1DDA24FBF6 /* CropCopilot */ = {
			isa = PBXNativeTarget;
			buildConfigurationList = 03D029561E69ABDDB5906FB6 /* Build configuration list for PBXNativeTarget "CropCopilot" */;
			buildPhases = (
				3D43E7AF01ED8CBD79FB3694 /* Sources */,
				595214FFC65CA9D27C04591B /* Resources */,
				FA4C07F14ADC17734AF0CD29 /* Frameworks */,
			);
			buildRules = (
			);
			dependencies = (
			);
			name = CropCopilot;
			packageProductDependencies = (
				C9AAD335F59F4E00EAE7AEE1 /* Supabase */,
				E659098948833BB97015B549 /* Kingfisher */,
			);
			productName = CropCopilot;
			productReference = 5D6C130D1707923522FD453D /* CropCopilot.app */;
			productType = "com.apple.product-type.application";
		};
		819D55840C7A5D5E42612EE2 /* CropCopilotTests */ = {
			isa = PBXNativeTarget;
			buildConfigurationList = 256E6FBCAA80EFB5BAE98806 /* Build configuration list for PBXNativeTarget "CropCopilotTests" */;
			buildPhases = (
				7C679B54FD18DA5EC1D20B9E /* Sources */,
			);
			buildRules = (
			);
			dependencies = (
				28E0AA13362A2F2639577698 /* PBXTargetDependency */,
			);
			name = CropCopilotTests;
			packageProductDependencies = (
			);
			productName = CropCopilotTests;
			productReference = 3AFDBB330FF19435203F16A9 /* CropCopilotTests.xctest */;
			productType = "com.apple.product-type.bundle.unit-test";
		};
/* End PBXNativeTarget section */

/* Begin PBXProject section */
		521BCFDF71F69083EE4BCACE /* Project object */ = {
			isa = PBXProject;
			attributes = {
				BuildIndependentTargetsInParallel = YES;
				LastUpgradeCheck = 1500;
				TargetAttributes = {
					5CE07C3DEF17CD1DDA24FBF6 = {
						DevelopmentTeam = "";
						ProvisioningStyle = Automatic;
					};
					819D55840C7A5D5E42612EE2 = {
						DevelopmentTeam = "";
					};
				};
			};
			buildConfigurationList = 3324C30154A9EFB8C30EA461 /* Build configuration list for PBXProject "CropCopilot" */;
			compatibilityVersion = "Xcode 14.0";
			developmentRegion = en;
			hasScannedForEncodings = 0;
			knownRegions = (
				Base,
				en,
			);
			mainGroup = CA13E1A31CADCD9B40526A8D;
			minimizedProjectReferenceProxies = 1;
			packageReferences = (
				264566B29BF73D9C18F7DAAE /* XCRemoteSwiftPackageReference "Kingfisher" */,
				F7140D0A0F9038CA982D1C55 /* XCRemoteSwiftPackageReference "supabase-swift" */,
			);
			preferredProjectObjectVersion = 77;
			projectDirPath = "";
			projectRoot = "";
			targets = (
				5CE07C3DEF17CD1DDA24FBF6 /* CropCopilot */,
				819D55840C7A5D5E42612EE2 /* CropCopilotTests */,
			);
		};
/* End PBXProject section */

/* Begin PBXResourcesBuildPhase section */
		595214FFC65CA9D27C04591B /* Resources */ = {
			isa = PBXResourcesBuildPhase;
			buildActionMask = 2147483647;
			files = (
				E3D6523C9EE6E6AAE0AD5F32 /* Assets.xcassets in Resources */,
				9B0101C9B41B2768827A2CBF /* Hyper_Realistic_Soybean_Leaf_Animation.mp4 in Resources */,
			);
			runOnlyForDeploymentPostprocessing = 0;
		};
/* End PBXResourcesBuildPhase section */

/* Begin PBXSourcesBuildPhase section */
		3D43E7AF01ED8CBD79FB3694 /* Sources */ = {
			isa = PBXSourcesBuildPhase;
			buildActionMask = 2147483647;
			files = (
				A1BFB68A331899334C564C1B /* APIClient.swift in Sources */,
				E244A1517508BB2DE606ECB8 /* APIEndpoint.swift in Sources */,
				2EECD64F6765F11B0A296D15 /* APIResponses.swift in Sources */,
				001595072A9707B6455F3F08 /* AntigravityStyles.swift in Sources */,
				726DCE86ABE0828BD98A0742 /* AppConstants.swift in Sources */,
				308742749EA7D33BCBC00900 /* AppDelegate.swift in Sources */,
				4DF9AE986EE9977F0417D971 /* AppRootView.swift in Sources */,
				0D3431BF3A0D5D4EB0300720 /* AppTab.swift in Sources */,
				1C608F609BE715E8ABE03395 /* AuthInterceptor.swift in Sources */,
				8FD03C5BDC50921AA9A4996A /* AuthRepository.swift in Sources */,
				342DF49836F0E65F6337DA43 /* AuthViewModel.swift in Sources */,
				C19565AA13101A14D96C8E01 /* BiometricAuthView.swift in Sources */,
				5AEA2FFA7EE9FD282675CFFB /* CameraManager.swift in Sources */,
				2948249A3FB8F033C526DB2C /* CameraPreviewView.swift in Sources */,
				F04F074BCB88460A65556160 /* CameraView.swift in Sources */,
				CDB1644B268DD92232397F78 /* CanvasConfidenceArc.swift in Sources */,
				AA3F36141941406B420DA335 /* Colors.swift in Sources */,
				1DDAB4DA1F70D175559283B2 /* CoreDataStack.swift in Sources */,
				99CD1814F9FDA072BBE84F20 /* CropCopilot.xcdatamodeld in Sources */,
				4B27B16D2A9BE68ADD75589C /* CropCopilotApp.swift in Sources */,
				E537223F3F5BA369920A6C7E /* CropCopilotLogoMark.swift in Sources */,
				931DBA0B41850752FE967C3B /* DashboardView.swift in Sources */,
				1AEC1F43870CD7CF23EAEE97 /* DashboardViewModel.swift in Sources */,
				783191455E37B85C50F52EF3 /* DiagnoseTabView.swift in Sources */,
				C185BF7C67B437E91F20F312 /* DiagnosisFormView.swift in Sources */,
				531DBA6BF3ABBE94259323D0 /* DiagnosisResultView.swift in Sources */,
				569505F7CCEBFF0DCF34AF04 /* DiagnosisViewModel.swift in Sources */,
				CBF1D9F3657A2439328762BD /* Fonts.swift in Sources */,
				D5B2961D61F17252D2B661E3 /* Input.swift in Sources */,
				BECFF13769A007787E661270 /* KeychainManager.swift in Sources */,
				C63BCC2CA47242EBA3181F6A /* LabReportFormView.swift in Sources */,
				EC8DEC5BBDFFAD4AD7805C37 /* LabReportViewModel.swift in Sources */,
				73BA0770285306AEFEE9F196 /* LoginView.swift in Sources */,
				21955994D76F1FDEDAA6B1F1 /* MotionManager.swift in Sources */,
				FC854AACB6CD46172A12EE3B /* NetworkError.swift in Sources */,
				B6AC0488A15570DF052C67FA /* NetworkMonitor.swift in Sources */,
				A43AD623281E8025EF7BDD76 /* PhotoReviewView.swift in Sources */,
				7D1F9F9DFEAD688A8651B903 /* Product.swift in Sources */,
				05FE3EFB3EF6C055B7D474E8 /* ProductsListView.swift in Sources */,
				3FC563124C77002FBA9CCBB4 /* ProductsViewModel.swift in Sources */,
				F21E14B4C16C1AAE3752B94F /* ProfileView.swift in Sources */,
				4C7DF5C45F550435C2BD190E /* ProfileViewModel.swift in Sources */,
				8D2B0B1FDBA90C8564BAA6DB /* Recommendation.swift in Sources */,
				AEA6836589311863792C8FEB /* RecommendationCard.swift in Sources */,
				821FA56070E743D46C7EAF08 /* RecommendationDetailView.swift in Sources */,
				70CFC9D91CA5E5250B9A780A /* RecommendationsListView.swift in Sources */,
				1FEC784825B8488F411AF9E0 /* RecommendationsViewModel.swift in Sources */,
				D88C1CEB921D87A7B78BDD78 /* SecureAsyncImage.swift in Sources */,
				B9F41A64416840BD133ECED8 /* SettingsView.swift in Sources */,
				3689B0121C4C53A163655EFF /* SignupView.swift in Sources */,
				263F4084D922CC00506D1322 /* TagGridSelector.swift in Sources */,
				C27C227F5EF3621D9ED92923 /* User.swift in Sources */,
				D913B50B668F663ACFACAF6E /* UserProfile.swift in Sources */,
				E69DD3D1A41B0E995946A1E6 /* View+Extensions.swift in Sources */,
			);
			runOnlyForDeploymentPostprocessing = 0;
		};
		7C679B54FD18DA5EC1D20B9E /* Sources */ = {
			isa = PBXSourcesBuildPhase;
			buildActionMask = 2147483647;
			files = (
				F484300CC2254AB6A6D1D449 /* APIResponseDecodingTests.swift in Sources */,
				ACDC2C439161AC5213231AE6 /* AuthViewModelTests.swift in Sources */,
				BF2C06F7CB0F0F68047A57EE /* CameraManagerTests.swift in Sources */,
				4C1AD74B21C4EC007BCBB098 /* DashboardViewModelTests.swift in Sources */,
				9ABAB958117B96D18E67248C /* DiagnosisViewModelTests.swift in Sources */,
				B6C47DC88F4B231E8892D715 /* KeychainManagerTests.swift in Sources */,
				D7093D72179DFBF5285D40D9 /* LabReportViewModelTests.swift in Sources */,
				74F18231E90FE86DACA1CA2C /* ProfileViewModelTests.swift in Sources */,
				0EF6541BBC95D909DC318002 /* RecommendationsViewModelTests.swift in Sources */,
			);
			runOnlyForDeploymentPostprocessing = 0;
		};
/* End PBXSourcesBuildPhase section */

/* Begin PBXTargetDependency section */
		28E0AA13362A2F2639577698 /* PBXTargetDependency */ = {
			isa = PBXTargetDependency;
			target = 5CE07C3DEF17CD1DDA24FBF6 /* CropCopilot */;
			targetProxy = FFC86133AB77F710C95C6E29 /* PBXContainerItemProxy */;
		};
/* End PBXTargetDependency section */

/* Begin XCBuildConfiguration section */
		15D2319782CC4B74E0DCB30F /* Debug */ = {
			isa = XCBuildConfiguration;
			buildSettings = {
				BUNDLE_LOADER = "$(TEST_HOST)";
				GENERATE_INFOPLIST_FILE = YES;
				IPHONEOS_DEPLOYMENT_TARGET = 17.0;
				LD_RUNPATH_SEARCH_PATHS = (
					"$(inherited)",
					"@executable_path/Frameworks",
					"@loader_path/Frameworks",
				);
				PRODUCT_BUNDLE_IDENTIFIER = com.cropcopilot.app.tests;
				SDKROOT = iphoneos;
				TARGETED_DEVICE_FAMILY = "1,2";
				TEST_HOST = "$(BUILT_PRODUCTS_DIR)/CropCopilot.app/$(BUNDLE_EXECUTABLE_FOLDER_PATH)/CropCopilot";
			};
			name = Debug;
		};
		BA41D7AE83F949CA172328FA /* Release */ = {
			isa = XCBuildConfiguration;
			buildSettings = {
				ASSETCATALOG_COMPILER_APPICON_NAME = AppIcon;
				CODE_SIGN_IDENTITY = "iPhone Developer";
				CODE_SIGN_STYLE = Automatic;
				CURRENT_PROJECT_VERSION = 1;
				GENERATE_INFOPLIST_FILE = NO;
				INFOPLIST_FILE = CropCopilot/Info.plist;
				IPHONEOS_DEPLOYMENT_TARGET = 17.0;
				LD_RUNPATH_SEARCH_PATHS = (
					"$(inherited)",
					"@executable_path/Frameworks",
				);
				MARKETING_VERSION = 1.0.0;
				PRODUCT_BUNDLE_IDENTIFIER = com.cropcopilot.app;
				PRODUCT_NAME = CropCopilot;
				SDKROOT = iphoneos;
				SWIFT_EMIT_LOC_STRINGS = YES;
				TARGETED_DEVICE_FAMILY = "1,2";
			};
			name = Release;
		};
		D0E1F7600F3EB7D123E2A90D /* Release */ = {
			isa = XCBuildConfiguration;
			buildSettings = {
				BUNDLE_LOADER = "$(TEST_HOST)";
				GENERATE_INFOPLIST_FILE = YES;
				IPHONEOS_DEPLOYMENT_TARGET = 17.0;
				LD_RUNPATH_SEARCH_PATHS = (
					"$(inherited)",
					"@executable_path/Frameworks",
					"@loader_path/Frameworks",
				);
				PRODUCT_BUNDLE_IDENTIFIER = com.cropcopilot.app.tests;
				SDKROOT = iphoneos;
				TARGETED_DEVICE_FAMILY = "1,2";
				TEST_HOST = "$(BUILT_PRODUCTS_DIR)/CropCopilot.app/$(BUNDLE_EXECUTABLE_FOLDER_PATH)/CropCopilot";
			};
			name = Release;
		};
		E970363E09A9310CEACFB4C1 /* Debug */ = {
			isa = XCBuildConfiguration;
			baseConfigurationReference = A2E69AEA3D3720CE6431A125 /* Secrets.xcconfig */;
			buildSettings = {
				ALWAYS_SEARCH_USER_PATHS = NO;
				CLANG_ANALYZER_NONNULL = YES;
				CLANG_ANALYZER_NUMBER_OBJECT_CONVERSION = YES_AGGRESSIVE;
				CLANG_CXX_LANGUAGE_STANDARD = "gnu++14";
				CLANG_CXX_LIBRARY = "libc++";
				CLANG_ENABLE_MODULES = YES;
				CLANG_ENABLE_OBJC_ARC = YES;
				CLANG_ENABLE_OBJC_WEAK = YES;
				CLANG_WARN_BLOCK_CAPTURE_AUTORELEASING = YES;
				CLANG_WARN_BOOL_CONVERSION = YES;
				CLANG_WARN_COMMA = YES;
				CLANG_WARN_CONSTANT_CONVERSION = YES;
				CLANG_WARN_DEPRECATED_OBJC_IMPLEMENTATIONS = YES;
				CLANG_WARN_DIRECT_OBJC_ISA_USAGE = YES_ERROR;
				CLANG_WARN_DOCUMENTATION_COMMENTS = YES;
				CLANG_WARN_EMPTY_BODY = YES;
				CLANG_WARN_ENUM_CONVERSION = YES;
				CLANG_WARN_INFINITE_RECURSION = YES;
				CLANG_WARN_INT_CONVERSION = YES;
				CLANG_WARN_NON_LITERAL_NULL_CONVERSION = YES;
				CLANG_WARN_OBJC_IMPLICIT_RETAIN_SELF = YES;
				CLANG_WARN_OBJC_LITERAL_CONVERSION = YES;
				CLANG_WARN_OBJC_ROOT_CLASS = YES_ERROR;
				CLANG_WARN_QUOTED_INCLUDE_IN_FRAMEWORK_HEADER = YES;
				CLANG_WARN_RANGE_LOOP_ANALYSIS = YES;
				CLANG_WARN_STRICT_PROTOTYPES = YES;
				CLANG_WARN_SUSPICIOUS_MOVE = YES;
				CLANG_WARN_UNGUARDED_AVAILABILITY = YES_AGGRESSIVE;
				CLANG_WARN_UNREACHABLE_CODE = YES;
				CLANG_WARN__DUPLICATE_METHOD_MATCH = YES;
				COPY_PHASE_STRIP = NO;
				DEBUG_INFORMATION_FORMAT = dwarf;
				DEVELOPMENT_TEAM = "";
				ENABLE_STRICT_OBJC_MSGSEND = YES;
				ENABLE_TESTABILITY = YES;
				ENABLE_USER_SCRIPT_SANDBOXING = NO;
				GCC_C_LANGUAGE_STANDARD = gnu11;
				GCC_DYNAMIC_NO_PIC = NO;
				GCC_NO_COMMON_BLOCKS = YES;
				GCC_OPTIMIZATION_LEVEL = 0;
				GCC_PREPROCESSOR_DEFINITIONS = (
					"$(inherited)",
					"DEBUG=1",
				);
				GCC_WARN_64_TO_32_BIT_CONVERSION = YES;
				GCC_WARN_ABOUT_RETURN_TYPE = YES_ERROR;
				GCC_WARN_UNDECLARED_SELECTOR = YES;
				GCC_WARN_UNINITIALIZED_AUTOS = YES_AGGRESSIVE;
				GCC_WARN_UNUSED_FUNCTION = YES;
				GCC_WARN_UNUSED_VARIABLE = YES;
				IPHONEOS_DEPLOYMENT_TARGET = 17.0;
				MTL_ENABLE_DEBUG_INFO = INCLUDE_SOURCE;
				MTL_FAST_MATH = YES;
				ONLY_ACTIVE_ARCH = YES;
				PRODUCT_NAME = "$(TARGET_NAME)";
				SDKROOT = iphoneos;
				SWIFT_ACTIVE_COMPILATION_CONDITIONS = DEBUG;
				SWIFT_OPTIMIZATION_LEVEL = "-Onone";
				SWIFT_VERSION = 5.9;
			};
			name = Debug;
		};
		FCB42E37C3CB1571FC6D9C3B /* Debug */ = {
			isa = XCBuildConfiguration;
			buildSettings = {
				ASSETCATALOG_COMPILER_APPICON_NAME = AppIcon;
				CODE_SIGN_IDENTITY = "iPhone Developer";
				CODE_SIGN_STYLE = Automatic;
				CURRENT_PROJECT_VERSION = 1;
				GENERATE_INFOPLIST_FILE = NO;
				INFOPLIST_FILE = CropCopilot/Info.plist;
				IPHONEOS_DEPLOYMENT_TARGET = 17.0;
				LD_RUNPATH_SEARCH_PATHS = (
					"$(inherited)",
					"@executable_path/Frameworks",
				);
				MARKETING_VERSION = 1.0.0;
				PRODUCT_BUNDLE_IDENTIFIER = com.cropcopilot.app;
				PRODUCT_NAME = CropCopilot;
				SDKROOT = iphoneos;
				SWIFT_EMIT_LOC_STRINGS = YES;
				TARGETED_DEVICE_FAMILY = "1,2";
			};
			name = Debug;
		};
		FDEA51CA8131387C2A557B20 /* Release */ = {
			isa = XCBuildConfiguration;
			baseConfigurationReference = A2E69AEA3D3720CE6431A125 /* Secrets.xcconfig */;
			buildSettings = {
				ALWAYS_SEARCH_USER_PATHS = NO;
				CLANG_ANALYZER_NONNULL = YES;
				CLANG_ANALYZER_NUMBER_OBJECT_CONVERSION = YES_AGGRESSIVE;
				CLANG_CXX_LANGUAGE_STANDARD = "gnu++14";
				CLANG_CXX_LIBRARY = "libc++";
				CLANG_ENABLE_MODULES = YES;
				CLANG_ENABLE_OBJC_ARC = YES;
				CLANG_ENABLE_OBJC_WEAK = YES;
				CLANG_WARN_BLOCK_CAPTURE_AUTORELEASING = YES;
				CLANG_WARN_BOOL_CONVERSION = YES;
				CLANG_WARN_COMMA = YES;
				CLANG_WARN_CONSTANT_CONVERSION = YES;
				CLANG_WARN_DEPRECATED_OBJC_IMPLEMENTATIONS = YES;
				CLANG_WARN_DIRECT_OBJC_ISA_USAGE = YES_ERROR;
				CLANG_WARN_DOCUMENTATION_COMMENTS = YES;
				CLANG_WARN_EMPTY_BODY = YES;
				CLANG_WARN_ENUM_CONVERSION = YES;
				CLANG_WARN_INFINITE_RECURSION = YES;
				CLANG_WARN_INT_CONVERSION = YES;
				CLANG_WARN_NON_LITERAL_NULL_CONVERSION = YES;
				CLANG_WARN_OBJC_IMPLICIT_RETAIN_SELF = YES;
				CLANG_WARN_OBJC_LITERAL_CONVERSION = YES;
				CLANG_WARN_OBJC_ROOT_CLASS = YES_ERROR;
				CLANG_WARN_QUOTED_INCLUDE_IN_FRAMEWORK_HEADER = YES;
				CLANG_WARN_RANGE_LOOP_ANALYSIS = YES;
				CLANG_WARN_STRICT_PROTOTYPES = YES;
				CLANG_WARN_SUSPICIOUS_MOVE = YES;
				CLANG_WARN_UNGUARDED_AVAILABILITY = YES_AGGRESSIVE;
				CLANG_WARN_UNREACHABLE_CODE = YES;
				CLANG_WARN__DUPLICATE_METHOD_MATCH = YES;
				COPY_PHASE_STRIP = NO;
				DEBUG_INFORMATION_FORMAT = "dwarf-with-dsym";
				DEVELOPMENT_TEAM = "";
				ENABLE_NS_ASSERTIONS = NO;
				ENABLE_STRICT_OBJC_MSGSEND = YES;
				ENABLE_USER_SCRIPT_SANDBOXING = NO;
				GCC_C_LANGUAGE_STANDARD = gnu11;
				GCC_NO_COMMON_BLOCKS = YES;
				GCC_WARN_64_TO_32_BIT_CONVERSION = YES;
				GCC_WARN_ABOUT_RETURN_TYPE = YES_ERROR;
				GCC_WARN_UNDECLARED_SELECTOR = YES;
				GCC_WARN_UNINITIALIZED_AUTOS = YES_AGGRESSIVE;
				GCC_WARN_UNUSED_FUNCTION = YES;
				GCC_WARN_UNUSED_VARIABLE = YES;
				IPHONEOS_DEPLOYMENT_TARGET = 17.0;
				MTL_ENABLE_DEBUG_INFO = NO;
				MTL_FAST_MATH = YES;
				PRODUCT_NAME = "$(TARGET_NAME)";
				SDKROOT = iphoneos;
				SWIFT_COMPILATION_MODE = wholemodule;
				SWIFT_OPTIMIZATION_LEVEL = "-O";
				SWIFT_VERSION = 5.9;
			};
			name = Release;
		};
/* End XCBuildConfiguration section */

/* Begin XCConfigurationList section */
		03D029561E69ABDDB5906FB6 /* Build configuration list for PBXNativeTarget "CropCopilot" */ = {
			isa = XCConfigurationList;
			buildConfigurations = (
				FCB42E37C3CB1571FC6D9C3B /* Debug */,
				BA41D7AE83F949CA172328FA /* Release */,
			);
			defaultConfigurationIsVisible = 0;
			defaultConfigurationName = Debug;
		};
		256E6FBCAA80EFB5BAE98806 /* Build configuration list for PBXNativeTarget "CropCopilotTests" */ = {
			isa = XCConfigurationList;
			buildConfigurations = (
				15D2319782CC4B74E0DCB30F /* Debug */,
				D0E1F7600F3EB7D123E2A90D /* Release */,
			);
			defaultConfigurationIsVisible = 0;
			defaultConfigurationName = Debug;
		};
		3324C30154A9EFB8C30EA461 /* Build configuration list for PBXProject "CropCopilot" */ = {
			isa = XCConfigurationList;
			buildConfigurations = (
				E970363E09A9310CEACFB4C1 /* Debug */,
				FDEA51CA8131387C2A557B20 /* Release */,
			);
			defaultConfigurationIsVisible = 0;
			defaultConfigurationName = Debug;
		};
/* End XCConfigurationList section */

/* Begin XCRemoteSwiftPackageReference section */
		264566B29BF73D9C18F7DAAE /* XCRemoteSwiftPackageReference "Kingfisher" */ = {
			isa = XCRemoteSwiftPackageReference;
			repositoryURL = "https://github.com/onevcat/Kingfisher";
			requirement = {
				kind = upToNextMajorVersion;
				minimumVersion = 7.0.0;
			};
		};
		F7140D0A0F9038CA982D1C55 /* XCRemoteSwiftPackageReference "supabase-swift" */ = {
			isa = XCRemoteSwiftPackageReference;
			repositoryURL = "https://github.com/supabase/supabase-swift";
			requirement = {
				kind = upToNextMajorVersion;
				minimumVersion = 2.0.0;
			};
		};
/* End XCRemoteSwiftPackageReference section */

/* Begin XCSwiftPackageProductDependency section */
		C9AAD335F59F4E00EAE7AEE1 /* Supabase */ = {
			isa = XCSwiftPackageProductDependency;
			package = F7140D0A0F9038CA982D1C55 /* XCRemoteSwiftPackageReference "supabase-swift" */;
			productName = Supabase;
		};
		E659098948833BB97015B549 /* Kingfisher */ = {
			isa = XCSwiftPackageProductDependency;
			package = 264566B29BF73D9C18F7DAAE /* XCRemoteSwiftPackageReference "Kingfisher" */;
			productName = Kingfisher;
		};
/* End XCSwiftPackageProductDependency section */

/* Begin XCVersionGroup section */
		9CDF6CAAC0CF02267485CADE /* CropCopilot.xcdatamodeld */ = {
			isa = XCVersionGroup;
			children = (
				D2A4B744552690EFEA19BFDE /* CropCopilot.xcdatamodel */,
			);
			currentVersion = D2A4B744552690EFEA19BFDE /* CropCopilot.xcdatamodel */;
			path = CropCopilot.xcdatamodeld;
			sourceTree = "<group>";
			versionGroupType = wrapper.xcdatamodel;
		};
/* End XCVersionGroup section */
	};
	rootObject = 521BCFDF71F69083EE4BCACE /* Project object */;
}
